{
  "name": "hhb-message",
  "version": "1.0.0",
  "lockfileVersion": 1,
  "requires": true,
  "dependencies": {
    "strophe.js": {
      "version": "1.2.14",
      "resolved": "https://registry.npmjs.org/strophe.js/-/strophe.js-1.2.14.tgz",
      "integrity": "sha1-fO7sUbMnLMXGxq53R0eApYQPGqc="
    }
  }
}
